
Microsoft Visual Studio Solution File, Format Version 12.00
# Visual Studio Version 16
VisualStudioVersion = 16.0.32106.194
MinimumVisualStudioVersion = 10.0.40219.1
Project("{9A19103F-16F7-4668-BE54-9A1E7A4F7556}") = "OrbitaChallenge.Application", "OrbitaChallenge.Application\OrbitaChallenge.Application.csproj", "{82F170E0-B829-45D6-9C74-0191875A85BA}"
EndProject
Project("{9A19103F-16F7-4668-BE54-9A1E7A4F7556}") = "OrbitaChallenge.Domain", "OrbitaChallenge.Domain\OrbitaChallenge.Domain.csproj", "{3ED680A0-5A4A-4873-A257-E506A5620A1C}"
EndProject
Project("{9A19103F-16F7-4668-BE54-9A1E7A4F7556}") = "OrbitaChallenge.Infra", "OrbitaChallenge.Infra\OrbitaChallenge.Infra.csproj", "{4C6CC06F-6CBD-470E-B29B-AE80C9BE711F}"
EndProject
Project("{9A19103F-16F7-4668-BE54-9A1E7A4F7556}") = "OrbitaChallenge.API", "OrbitaChallenge.API\OrbitaChallenge.API.csproj", "{C0F3C6BF-10C0-4590-9967-DB34A444DB63}"
EndProject
Project("{FAE04EC0-301F-11D3-BF4B-00C04F79EFBC}") = "OrbitaChallenge.Tests", "OrbitaChallenge.Tests\OrbitaChallenge.Tests.csproj", "{82B26C77-692E-4D61-B35D-3F2DF5CB8004}"
EndProject
Global
	GlobalSection(SolutionConfigurationPlatforms) = preSolution
		Debug|Any CPU = Debug|Any CPU
		Release|Any CPU = Release|Any CPU
	EndGlobalSection
	GlobalSection(ProjectConfigurationPlatforms) = postSolution
		{82F170E0-B829-45D6-9C74-0191875A85BA}.Debug|Any CPU.ActiveCfg = Debug|Any CPU
		{82F170E0-B829-45D6-9C74-0191875A85BA}.Debug|Any CPU.Build.0 = Debug|Any CPU
		{82F170E0-B829-45D6-9C74-0191875A85BA}.Release|Any CPU.ActiveCfg = Release|Any CPU
		{82F170E0-B829-45D6-9C74-0191875A85BA}.Release|Any CPU.Build.0 = Release|Any CPU
		{3ED680A0-5A4A-4873-A257-E506A5620A1C}.Debug|Any CPU.ActiveCfg = Debug|Any CPU
		{3ED680A0-5A4A-4873-A257-E506A5620A1C}.Debug|Any CPU.Build.0 = Debug|Any CPU
		{3ED680A0-5A4A-4873-A257-E506A5620A1C}.Release|Any CPU.ActiveCfg = Release|Any CPU
		{3ED680A0-5A4A-4873-A257-E506A5620A1C}.Release|Any CPU.Build.0 = Release|Any CPU
		{4C6CC06F-6CBD-470E-B29B-AE80C9BE711F}.Debug|Any CPU.ActiveCfg = Debug|Any CPU
		{4C6CC06F-6CBD-470E-B29B-AE80C9BE711F}.Debug|Any CPU.Build.0 = Debug|Any CPU
		{4C6CC06F-6CBD-470E-B29B-AE80C9BE711F}.Release|Any CPU.ActiveCfg = Release|Any CPU
		{4C6CC06F-6CBD-470E-B29B-AE80C9BE711F}.Release|Any CPU.Build.0 = Release|Any CPU
		{C0F3C6BF-10C0-4590-9967-DB34A444DB63}.Debug|Any CPU.ActiveCfg = Debug|Any CPU
		{C0F3C6BF-10C0-4590-9967-DB34A444DB63}.Debug|Any CPU.Build.0 = Debug|Any CPU
		{C0F3C6BF-10C0-4590-9967-DB34A444DB63}.Release|Any CPU.ActiveCfg = Release|Any CPU
		{C0F3C6BF-10C0-4590-9967-DB34A444DB63}.Release|Any CPU.Build.0 = Release|Any CPU
		{82B26C77-692E-4D61-B35D-3F2DF5CB8004}.Debug|Any CPU.ActiveCfg = Debug|Any CPU
		{82B26C77-692E-4D61-B35D-3F2DF5CB8004}.Debug|Any CPU.Build.0 = Debug|Any CPU
		{82B26C77-692E-4D61-B35D-3F2DF5CB8004}.Release|Any CPU.ActiveCfg = Release|Any CPU
		{82B26C77-692E-4D61-B35D-3F2DF5CB8004}.Release|Any CPU.Build.0 = Release|Any CPU
	EndGlobalSection
	GlobalSection(SolutionProperties) = preSolution
		HideSolutionNode = FALSE
	EndGlobalSection
	GlobalSection(ExtensibilityGlobals) = postSolution
		SolutionGuid = {FE1B45E0-11FC-420A-9C6E-3BF4F19CF8F8}
	EndGlobalSection
EndGlobal
